
Microsoft Visual Studio Solution File, Format Version 12.00
# Visual Studio Version 17
VisualStudioVersion = 17.6.33815.320
MinimumVisualStudioVersion = 10.0.40219.1
Project("{2150E333-8FDC-42A3-9474-1A3956D46DE8}") = "Engine", "Engine", "{0E65CB8E-BEC3-40CD-A8E3-836808095B80}"
EndProject
Project("{2150E333-8FDC-42A3-9474-1A3956D46DE8}") = "Game", "Game", "{489074FE-C821-42BD-A2DD-046B74F1B564}"
EndProject
Project("{8BC9CEB8-8B4A-11D0-8D11-00A0C91BC942}") = "Game", "Source\Game\Game\Game.vcxproj", "{562FF55B-5FBF-4E5B-9C15-B8DD9CC8F06D}"
EndProject
Project("{8BC9CEB8-8B4A-11D0-8D11-00A0C91BC942}") = "Core", "Source\Engine\Core\Core.vcxproj", "{03C985AF-F720-499A-B57A-6F81D51C2715}"
EndProject
Project("{8BC9CEB8-8B4A-11D0-8D11-00A0C91BC942}") = "Renderer", "Source\Engine\Renderer\Renderer.vcxproj", "{AABEA92B-84F7-4190-8B04-97D2514E7588}"
EndProject
Global
	GlobalSection(SolutionConfigurationPlatforms) = preSolution
		Debug|x64 = Debug|x64
		Debug|x86 = Debug|x86
		Release|x64 = Release|x64
		Release|x86 = Release|x86
	EndGlobalSection
	GlobalSection(ProjectConfigurationPlatforms) = postSolution
		{562FF55B-5FBF-4E5B-9C15-B8DD9CC8F06D}.Debug|x64.ActiveCfg = Debug|x64
		{562FF55B-5FBF-4E5B-9C15-B8DD9CC8F06D}.Debug|x64.Build.0 = Debug|x64
		{562FF55B-5FBF-4E5B-9C15-B8DD9CC8F06D}.Debug|x86.ActiveCfg = Debug|Win32
		{562FF55B-5FBF-4E5B-9C15-B8DD9CC8F06D}.Debug|x86.Build.0 = Debug|Win32
		{562FF55B-5FBF-4E5B-9C15-B8DD9CC8F06D}.Release|x64.ActiveCfg = Release|x64
		{562FF55B-5FBF-4E5B-9C15-B8DD9CC8F06D}.Release|x64.Build.0 = Release|x64
		{562FF55B-5FBF-4E5B-9C15-B8DD9CC8F06D}.Release|x86.ActiveCfg = Release|Win32
		{562FF55B-5FBF-4E5B-9C15-B8DD9CC8F06D}.Release|x86.Build.0 = Release|Win32
		{03C985AF-F720-499A-B57A-6F81D51C2715}.Debug|x64.ActiveCfg = Debug|x64
		{03C985AF-F720-499A-B57A-6F81D51C2715}.Debug|x64.Build.0 = Debug|x64
		{03C985AF-F720-499A-B57A-6F81D51C2715}.Debug|x86.ActiveCfg = Debug|Win32
		{03C985AF-F720-499A-B57A-6F81D51C2715}.Debug|x86.Build.0 = Debug|Win32
		{03C985AF-F720-499A-B57A-6F81D51C2715}.Release|x64.ActiveCfg = Release|x64
		{03C985AF-F720-499A-B57A-6F81D51C2715}.Release|x64.Build.0 = Release|x64
		{03C985AF-F720-499A-B57A-6F81D51C2715}.Release|x86.ActiveCfg = Release|Win32
		{03C985AF-F720-499A-B57A-6F81D51C2715}.Release|x86.Build.0 = Release|Win32
		{AABEA92B-84F7-4190-8B04-97D2514E7588}.Debug|x64.ActiveCfg = Debug|x64
		{AABEA92B-84F7-4190-8B04-97D2514E7588}.Debug|x64.Build.0 = Debug|x64
		{AABEA92B-84F7-4190-8B04-97D2514E7588}.Debug|x86.ActiveCfg = Debug|Win32
		{AABEA92B-84F7-4190-8B04-97D2514E7588}.Debug|x86.Build.0 = Debug|Win32
		{AABEA92B-84F7-4190-8B04-97D2514E7588}.Release|x64.ActiveCfg = Release|x64
		{AABEA92B-84F7-4190-8B04-97D2514E7588}.Release|x64.Build.0 = Release|x64
		{AABEA92B-84F7-4190-8B04-97D2514E7588}.Release|x86.ActiveCfg = Release|Win32
		{AABEA92B-84F7-4190-8B04-97D2514E7588}.Release|x86.Build.0 = Release|Win32
	EndGlobalSection
	GlobalSection(SolutionProperties) = preSolution
		HideSolutionNode = FALSE
	EndGlobalSection
	GlobalSection(NestedProjects) = preSolution
		{562FF55B-5FBF-4E5B-9C15-B8DD9CC8F06D} = {489074FE-C821-42BD-A2DD-046B74F1B564}
		{03C985AF-F720-499A-B57A-6F81D51C2715} = {0E65CB8E-BEC3-40CD-A8E3-836808095B80}
		{AABEA92B-84F7-4190-8B04-97D2514E7588} = {0E65CB8E-BEC3-40CD-A8E3-836808095B80}
	EndGlobalSection
	GlobalSection(ExtensibilityGlobals) = postSolution
		SolutionGuid = {CF3FC4A5-E990-4E38-B1C3-A8E9884BE79F}
	EndGlobalSection
EndGlobal
